
Microsoft Visual Studio Solution File, Format Version 12.00
# Visual Studio 2012
Project("{FAE04EC0-301F-11D3-BF4B-00C04F79EFBC}") = "EShop.FrontEnd.Core", "EShop.FrontEnd.Core\EShop.FrontEnd.Core.csproj", "{F4BCF1FD-4642-4886-A324-229B52AA5B2E}"
EndProject
Global
	GlobalSection(SolutionConfigurationPlatforms) = preSolution
		Debug|Any CPU = Debug|Any CPU
		Release|Any CPU = Release|Any CPU
	EndGlobalSection
	GlobalSection(ProjectConfigurationPlatforms) = postSolution
		{F4BCF1FD-4642-4886-A324-229B52AA5B2E}.Debug|Any CPU.ActiveCfg = Debug|Any CPU
		{F4BCF1FD-4642-4886-A324-229B52AA5B2E}.Debug|Any CPU.Build.0 = Debug|Any CPU
		{F4BCF1FD-4642-4886-A324-229B52AA5B2E}.Release|Any CPU.ActiveCfg = Release|Any CPU
		{F4BCF1FD-4642-4886-A324-229B52AA5B2E}.Release|Any CPU.Build.0 = Release|Any CPU
	EndGlobalSection
	GlobalSection(SolutionProperties) = preSolution
		HideSolutionNode = FALSE
	EndGlobalSection
EndGlobal
